// !$*UTF8*$!
{
	archiveVersion = 1;
	classes = {
	};
	objectVersion = 56;
	objects = {

/* Begin PBXBuildFile section */
		8109409B2B8E1388000F92F8 /* Mediator.swift in Sources */ = {isa = PBXBuildFile; fileRef = 8109409A2B8E1388000F92F8 /* Mediator.swift */; };
		8142FE652BA046DA005B8F00 /* Iterator-UseCase.swift in Sources */ = {isa = PBXBuildFile; fileRef = 8142FE642BA046DA005B8F00 /* Iterator-UseCase.swift */; };
		8166A08D2B9C145C00316F20 /* Iterator.swift in Sources */ = {isa = PBXBuildFile; fileRef = 8166A08C2B9C145C00316F20 /* Iterator.swift */; };
		81918E512B90AFFF009314C6 /* State.swift in Sources */ = {isa = PBXBuildFile; fileRef = 81918E502B90AFFF009314C6 /* State.swift */; };
		8199B3702B9AD86F00D4B50D /* TemplateMethod.swift in Sources */ = {isa = PBXBuildFile; fileRef = 8199B36F2B9AD86F00D4B50D /* TemplateMethod.swift */; };
		8199B3722B9B2AE500D4B50D /* TemplateMethod-2.swift in Sources */ = {isa = PBXBuildFile; fileRef = 8199B3712B9B2AE500D4B50D /* TemplateMethod-2.swift */; };
		81AE3B862B8900FD00CCF16B /* AppDelegate.swift in Sources */ = {isa = PBXBuildFile; fileRef = 81AE3B852B8900FD00CCF16B /* AppDelegate.swift */; };
		81AE3B882B8900FD00CCF16B /* SceneDelegate.swift in Sources */ = {isa = PBXBuildFile; fileRef = 81AE3B872B8900FD00CCF16B /* SceneDelegate.swift */; };
		81AE3B8A2B8900FD00CCF16B /* ViewController.swift in Sources */ = {isa = PBXBuildFile; fileRef = 81AE3B892B8900FD00CCF16B /* ViewController.swift */; };
		81AE3B8D2B8900FD00CCF16B /* Main.storyboard in Resources */ = {isa = PBXBuildFile; fileRef = 81AE3B8B2B8900FD00CCF16B /* Main.storyboard */; };
		81AE3B8F2B8900FE00CCF16B /* Assets.xcassets in Resources */ = {isa = PBXBuildFile; fileRef = 81AE3B8E2B8900FE00CCF16B /* Assets.xcassets */; };
		81AE3B922B8900FE00CCF16B /* LaunchScreen.storyboard in Resources */ = {isa = PBXBuildFile; fileRef = 81AE3B902B8900FE00CCF16B /* LaunchScreen.storyboard */; };
		81AE3B9A2B89014100CCF16B /* Null_Object.swift in Sources */ = {isa = PBXBuildFile; fileRef = 81AE3B992B89014100CCF16B /* Null_Object.swift */; };
		81B550812B8F0E3600395AEF /* Bridge.swift in Sources */ = {isa = PBXBuildFile; fileRef = 81B550802B8F0E3600395AEF /* Bridge.swift */; };
		81C40EA52BCD95D6007EB95A /* Single-Responsibilty-Principle.swift in Sources */ = {isa = PBXBuildFile; fileRef = 81C40EA42BCD95D6007EB95A /* Single-Responsibilty-Principle.swift */; };
/* End PBXBuildFile section */

/* Begin PBXFileReference section */
		8109409A2B8E1388000F92F8 /* Mediator.swift */ = {isa = PBXFileReference; lastKnownFileType = sourcecode.swift; path = Mediator.swift; sourceTree = "<group>"; };
		8142FE642BA046DA005B8F00 /* Iterator-UseCase.swift */ = {isa = PBXFileReference; lastKnownFileType = sourcecode.swift; path = "Iterator-UseCase.swift"; sourceTree = "<group>"; };
		8166A08C2B9C145C00316F20 /* Iterator.swift */ = {isa = PBXFileReference; lastKnownFileType = sourcecode.swift; path = Iterator.swift; sourceTree = "<group>"; };
		81918E502B90AFFF009314C6 /* State.swift */ = {isa = PBXFileReference; lastKnownFileType = sourcecode.swift; path = State.swift; sourceTree = "<group>"; };
		8199B36F2B9AD86F00D4B50D /* TemplateMethod.swift */ = {isa = PBXFileReference; lastKnownFileType = sourcecode.swift; path = TemplateMethod.swift; sourceTree = "<group>"; };
		8199B3712B9B2AE500D4B50D /* TemplateMethod-2.swift */ = {isa = PBXFileReference; lastKnownFileType = sourcecode.swift; path = "TemplateMethod-2.swift"; sourceTree = "<group>"; };
		81AE3B822B8900FD00CCF16B /* Design Patterns.app */ = {isa = PBXFileReference; explicitFileType = wrapper.application; includeInIndex = 0; path = "Design Patterns.app"; sourceTree = BUILT_PRODUCTS_DIR; };
		81AE3B852B8900FD00CCF16B /* AppDelegate.swift */ = {isa = PBXFileReference; lastKnownFileType = sourcecode.swift; path = AppDelegate.swift; sourceTree = "<group>"; };
		81AE3B872B8900FD00CCF16B /* SceneDelegate.swift */ = {isa = PBXFileReference; lastKnownFileType = sourcecode.swift; path = SceneDelegate.swift; sourceTree = "<group>"; };
		81AE3B892B8900FD00CCF16B /* ViewController.swift */ = {isa = PBXFileReference; lastKnownFileType = sourcecode.swift; path = ViewController.swift; sourceTree = "<group>"; };
		81AE3B8C2B8900FD00CCF16B /* Base */ = {isa = PBXFileReference; lastKnownFileType = file.storyboard; name = Base; path = Base.lproj/Main.storyboard; sourceTree = "<group>"; };
		81AE3B8E2B8900FE00CCF16B /* Assets.xcassets */ = {isa = PBXFileReference; lastKnownFileType = folder.assetcatalog; path = Assets.xcassets; sourceTree = "<group>"; };
		81AE3B912B8900FE00CCF16B /* Base */ = {isa = PBXFileReference; lastKnownFileType = file.storyboard; name = Base; path = Base.lproj/LaunchScreen.storyboard; sourceTree = "<group>"; };
		81AE3B932B8900FE00CCF16B /* Info.plist */ = {isa = PBXFileReference; lastKnownFileType = text.plist.xml; path = Info.plist; sourceTree = "<group>"; };
		81AE3B992B89014100CCF16B /* Null_Object.swift */ = {isa = PBXFileReference; lastKnownFileType = sourcecode.swift; path = Null_Object.swift; sourceTree = "<group>"; };
		81B550802B8F0E3600395AEF /* Bridge.swift */ = {isa = PBXFileReference; lastKnownFileType = sourcecode.swift; path = Bridge.swift; sourceTree = "<group>"; };
		81C40EA42BCD95D6007EB95A /* Single-Responsibilty-Principle.swift */ = {isa = PBXFileReference; lastKnownFileType = sourcecode.swift; path = "Single-Responsibilty-Principle.swift"; sourceTree = "<group>"; };
/* End PBXFileReference section */

/* Begin PBXFrameworksBuildPhase section */
		81AE3B7F2B8900FD00CCF16B /* Frameworks */ = {
			isa = PBXFrameworksBuildPhase;
			buildActionMask = 2147483647;
			files = (
			);
			runOnlyForDeploymentPostprocessing = 0;
		};
/* End PBXFrameworksBuildPhase section */

/* Begin PBXGroup section */
		81AE3B792B8900FD00CCF16B = {
			isa = PBXGroup;
			children = (
				81AE3B842B8900FD00CCF16B /* Design Patterns */,
				81AE3B832B8900FD00CCF16B /* Products */,
			);
			sourceTree = "<group>";
		};
		81AE3B832B8900FD00CCF16B /* Products */ = {
			isa = PBXGroup;
			children = (
				81AE3B822B8900FD00CCF16B /* Design Patterns.app */,
			);
			name = Products;
			sourceTree = "<group>";
		};
		81AE3B842B8900FD00CCF16B /* Design Patterns */ = {
			isa = PBXGroup;
			children = (
				81AE3B9B2B89048C00CCF16B /* Application */,
				81AE3B9C2B89049A00CCF16B /* Controller */,
				81AE3B9D2B8904A300CCF16B /* Supporting Files */,
				81AE3B992B89014100CCF16B /* Null_Object.swift */,
				8109409A2B8E1388000F92F8 /* Mediator.swift */,
				81B550802B8F0E3600395AEF /* Bridge.swift */,
				81918E502B90AFFF009314C6 /* State.swift */,
				8199B36F2B9AD86F00D4B50D /* TemplateMethod.swift */,
				8199B3712B9B2AE500D4B50D /* TemplateMethod-2.swift */,
				8166A08C2B9C145C00316F20 /* Iterator.swift */,
				8142FE642BA046DA005B8F00 /* Iterator-UseCase.swift */,
				81C40EA42BCD95D6007EB95A /* Single-Responsibilty-Principle.swift */,
			);
			path = "Design Patterns";
			sourceTree = "<group>";
		};
		81AE3B9B2B89048C00CCF16B /* Application */ = {
			isa = PBXGroup;
			children = (
				81AE3B852B8900FD00CCF16B /* AppDelegate.swift */,
				81AE3B872B8900FD00CCF16B /* SceneDelegate.swift */,
			);
			path = Application;
			sourceTree = "<group>";
		};
		81AE3B9C2B89049A00CCF16B /* Controller */ = {
			isa = PBXGroup;
			children = (
				81AE3B892B8900FD00CCF16B /* ViewController.swift */,
			);
			path = Controller;
			sourceTree = "<group>";
		};
		81AE3B9D2B8904A300CCF16B /* Supporting Files */ = {
			isa = PBXGroup;
			children = (
				81AE3B8B2B8900FD00CCF16B /* Main.storyboard */,
				81AE3B8E2B8900FE00CCF16B /* Assets.xcassets */,
				81AE3B902B8900FE00CCF16B /* LaunchScreen.storyboard */,
				81AE3B932B8900FE00CCF16B /* Info.plist */,
			);
			path = "Supporting Files";
			sourceTree = "<group>";
		};
/* End PBXGroup section */

/* Begin PBXNativeTarget section */
		81AE3B812B8900FD00CCF16B /* Design Patterns */ = {
			isa = PBXNativeTarget;
			buildConfigurationList = 81AE3B962B8900FE00CCF16B /* Build configuration list for PBXNativeTarget "Design Patterns" */;
			buildPhases = (
				81AE3B7E2B8900FD00CCF16B /* Sources */,
				81AE3B7F2B8900FD00CCF16B /* Frameworks */,
				81AE3B802B8900FD00CCF16B /* Resources */,
			);
			buildRules = (
			);
			dependencies = (
			);
			name = "Design Patterns";
			productName = "Design Patterns";
			productReference = 81AE3B822B8900FD00CCF16B /* Design Patterns.app */;
			productType = "com.apple.product-type.application";
		};
/* End PBXNativeTarget section */

/* Begin PBXProject section */
		81AE3B7A2B8900FD00CCF16B /* Project object */ = {
			isa = PBXProject;
			attributes = {
				BuildIndependentTargetsInParallel = 1;
				LastSwiftUpdateCheck = 1500;
				LastUpgradeCheck = 1500;
				TargetAttributes = {
					81AE3B812B8900FD00CCF16B = {
						CreatedOnToolsVersion = 15.0.1;
					};
				};
			};
			buildConfigurationList = 81AE3B7D2B8900FD00CCF16B /* Build configuration list for PBXProject "Design Patterns" */;
			compatibilityVersion = "Xcode 14.0";
			developmentRegion = en;
			hasScannedForEncodings = 0;
			knownRegions = (
				en,
				Base,
			);
			mainGroup = 81AE3B792B8900FD00CCF16B;
			productRefGroup = 81AE3B832B8900FD00CCF16B /* Products */;
			projectDirPath = "";
			projectRoot = "";
			targets = (
				81AE3B812B8900FD00CCF16B /* Design Patterns */,
			);
		};
/* End PBXProject section */

/* Begin PBXResourcesBuildPhase section */
		81AE3B802B8900FD00CCF16B /* Resources */ = {
			isa = PBXResourcesBuildPhase;
			buildActionMask = 2147483647;
			files = (
				81AE3B922B8900FE00CCF16B /* LaunchScreen.storyboard in Resources */,
				81AE3B8F2B8900FE00CCF16B /* Assets.xcassets in Resources */,
				81AE3B8D2B8900FD00CCF16B /* Main.storyboard in Resources */,
			);
			runOnlyForDeploymentPostprocessing = 0;
		};
/* End PBXResourcesBuildPhase section */

/* Begin PBXSourcesBuildPhase section */
		81AE3B7E2B8900FD00CCF16B /* Sources */ = {
			isa = PBXSourcesBuildPhase;
			buildActionMask = 2147483647;
			files = (
				81C40EA52BCD95D6007EB95A /* Single-Responsibilty-Principle.swift in Sources */,
				8199B3722B9B2AE500D4B50D /* TemplateMethod-2.swift in Sources */,
				81AE3B8A2B8900FD00CCF16B /* ViewController.swift in Sources */,
				8142FE652BA046DA005B8F00 /* Iterator-UseCase.swift in Sources */,
				81AE3B9A2B89014100CCF16B /* Null_Object.swift in Sources */,
				8166A08D2B9C145C00316F20 /* Iterator.swift in Sources */,
				81B550812B8F0E3600395AEF /* Bridge.swift in Sources */,
				81AE3B862B8900FD00CCF16B /* AppDelegate.swift in Sources */,
				8199B3702B9AD86F00D4B50D /* TemplateMethod.swift in Sources */,
				81AE3B882B8900FD00CCF16B /* SceneDelegate.swift in Sources */,
				81918E512B90AFFF009314C6 /* State.swift in Sources */,
				8109409B2B8E1388000F92F8 /* Mediator.swift in Sources */,
			);
			runOnlyForDeploymentPostprocessing = 0;
		};
/* End PBXSourcesBuildPhase section */

/* Begin PBXVariantGroup section */
		81AE3B8B2B8900FD00CCF16B /* Main.storyboard */ = {
			isa = PBXVariantGroup;
			children = (
				81AE3B8C2B8900FD00CCF16B /* Base */,
			);
			name = Main.storyboard;
			sourceTree = "<group>";
		};
		81AE3B902B8900FE00CCF16B /* LaunchScreen.storyboard */ = {
			isa = PBXVariantGroup;
			children = (
				81AE3B912B8900FE00CCF16B /* Base */,
			);
			name = LaunchScreen.storyboard;
			sourceTree = "<group>";
		};
/* End PBXVariantGroup section */

/* Begin XCBuildConfiguration section */
		81AE3B942B8900FE00CCF16B /* Debug */ = {
			isa = XCBuildConfiguration;
			buildSettings = {
				ALWAYS_SEARCH_USER_PATHS = NO;
				ASSETCATALOG_COMPILER_GENERATE_SWIFT_ASSET_SYMBOL_EXTENSIONS = YES;
				CLANG_ANALYZER_NONNULL = YES;
				CLANG_ANALYZER_NUMBER_OBJECT_CONVERSION = YES_AGGRESSIVE;
				CLANG_CXX_LANGUAGE_STANDARD = "gnu++20";
				CLANG_ENABLE_MODULES = YES;
				CLANG_ENABLE_OBJC_ARC = YES;
				CLANG_ENABLE_OBJC_WEAK = YES;
				CLANG_WARN_BLOCK_CAPTURE_AUTORELEASING = YES;
				CLANG_WARN_BOOL_CONVERSION = YES;
				CLANG_WARN_COMMA = YES;
				CLANG_WARN_CONSTANT_CONVERSION = YES;
				CLANG_WARN_DEPRECATED_OBJC_IMPLEMENTATIONS = YES;
				CLANG_WARN_DIRECT_OBJC_ISA_USAGE = YES_ERROR;
				CLANG_WARN_DOCUMENTATION_COMMENTS = YES;
				CLANG_WARN_EMPTY_BODY = YES;
				CLANG_WARN_ENUM_CONVERSION = YES;
				CLANG_WARN_INFINITE_RECURSION = YES;
				CLANG_WARN_INT_CONVERSION = YES;
				CLANG_WARN_NON_LITERAL_NULL_CONVERSION = YES;
				CLANG_WARN_OBJC_IMPLICIT_RETAIN_SELF = YES;
				CLANG_WARN_OBJC_LITERAL_CONVERSION = YES;
				CLANG_WARN_OBJC_ROOT_CLASS = YES_ERROR;
				CLANG_WARN_QUOTED_INCLUDE_IN_FRAMEWORK_HEADER = YES;
				CLANG_WARN_RANGE_LOOP_ANALYSIS = YES;
				CLANG_WARN_STRICT_PROTOTYPES = YES;
				CLANG_WARN_SUSPICIOUS_MOVE = YES;
				CLANG_WARN_UNGUARDED_AVAILABILITY = YES_AGGRESSIVE;
				CLANG_WARN_UNREACHABLE_CODE = YES;
				CLANG_WARN__DUPLICATE_METHOD_MATCH = YES;
				COPY_PHASE_STRIP = NO;
				DEBUG_INFORMATION_FORMAT = dwarf;
				ENABLE_STRICT_OBJC_MSGSEND = YES;
				ENABLE_TESTABILITY = YES;
				ENABLE_USER_SCRIPT_SANDBOXING = YES;
				GCC_C_LANGUAGE_STANDARD = gnu17;
				GCC_DYNAMIC_NO_PIC = NO;
				GCC_NO_COMMON_BLOCKS = YES;
				GCC_OPTIMIZATION_LEVEL = 0;
				GCC_PREPROCESSOR_DEFINITIONS = (
					"DEBUG=1",
					"$(inherited)",
				);
				GCC_WARN_64_TO_32_BIT_CONVERSION = YES;
				GCC_WARN_ABOUT_RETURN_TYPE = YES_ERROR;
				GCC_WARN_UNDECLARED_SELECTOR = YES;
				GCC_WARN_UNINITIALIZED_AUTOS = YES_AGGRESSIVE;
				GCC_WARN_UNUSED_FUNCTION = YES;
				GCC_WARN_UNUSED_VARIABLE = YES;
				IPHONEOS_DEPLOYMENT_TARGET = 17.0;
				LOCALIZATION_PREFERS_STRING_CATALOGS = YES;
				MTL_ENABLE_DEBUG_INFO = INCLUDE_SOURCE;
				MTL_FAST_MATH = YES;
				ONLY_ACTIVE_ARCH = YES;
				SDKROOT = iphoneos;
				SWIFT_ACTIVE_COMPILATION_CONDITIONS = "DEBUG $(inherited)";
				SWIFT_OPTIMIZATION_LEVEL = "-Onone";
			};
			name = Debug;
		};
		81AE3B952B8900FE00CCF16B /* Release */ = {
			isa = XCBuildConfiguration;
			buildSettings = {
				ALWAYS_SEARCH_USER_PATHS = NO;
				ASSETCATALOG_COMPILER_GENERATE_SWIFT_ASSET_SYMBOL_EXTENSIONS = YES;
				CLANG_ANALYZER_NONNULL = YES;
				CLANG_ANALYZER_NUMBER_OBJECT_CONVERSION = YES_AGGRESSIVE;
				CLANG_CXX_LANGUAGE_STANDARD = "gnu++20";
				CLANG_ENABLE_MODULES = YES;
				CLANG_ENABLE_OBJC_ARC = YES;
				CLANG_ENABLE_OBJC_WEAK = YES;
				CLANG_WARN_BLOCK_CAPTURE_AUTORELEASING = YES;
				CLANG_WARN_BOOL_CONVERSION = YES;
				CLANG_WARN_COMMA = YES;
				CLANG_WARN_CONSTANT_CONVERSION = YES;
				CLANG_WARN_DEPRECATED_OBJC_IMPLEMENTATIONS = YES;
				CLANG_WARN_DIRECT_OBJC_ISA_USAGE = YES_ERROR;
				CLANG_WARN_DOCUMENTATION_COMMENTS = YES;
				CLANG_WARN_EMPTY_BODY = YES;
				CLANG_WARN_ENUM_CONVERSION = YES;
				CLANG_WARN_INFINITE_RECURSION = YES;
				CLANG_WARN_INT_CONVERSION = YES;
				CLANG_WARN_NON_LITERAL_NULL_CONVERSION = YES;
				CLANG_WARN_OBJC_IMPLICIT_RETAIN_SELF = YES;
				CLANG_WARN_OBJC_LITERAL_CONVERSION = YES;
				CLANG_WARN_OBJC_ROOT_CLASS = YES_ERROR;
				CLANG_WARN_QUOTED_INCLUDE_IN_FRAMEWORK_HEADER = YES;
				CLANG_WARN_RANGE_LOOP_ANALYSIS = YES;
				CLANG_WARN_STRICT_PROTOTYPES = YES;
				CLANG_WARN_SUSPICIOUS_MOVE = YES;
				CLANG_WARN_UNGUARDED_AVAILABILITY = YES_AGGRESSIVE;
				CLANG_WARN_UNREACHABLE_CODE = YES;
				CLANG_WARN__DUPLICATE_METHOD_MATCH = YES;
				COPY_PHASE_STRIP = NO;
				DEBUG_INFORMATION_FORMAT = "dwarf-with-dsym";
				ENABLE_NS_ASSERTIONS = NO;
				ENABLE_STRICT_OBJC_MSGSEND = YES;
				ENABLE_USER_SCRIPT_SANDBOXING = YES;
				GCC_C_LANGUAGE_STANDARD = gnu17;
				GCC_NO_COMMON_BLOCKS = YES;
				GCC_WARN_64_TO_32_BIT_CONVERSION = YES;
				GCC_WARN_ABOUT_RETURN_TYPE = YES_ERROR;
				GCC_WARN_UNDECLARED_SELECTOR = YES;
				GCC_WARN_UNINITIALIZED_AUTOS = YES_AGGRESSIVE;
				GCC_WARN_UNUSED_FUNCTION = YES;
				GCC_WARN_UNUSED_VARIABLE = YES;
				IPHONEOS_DEPLOYMENT_TARGET = 17.0;
				LOCALIZATION_PREFERS_STRING_CATALOGS = YES;
				MTL_ENABLE_DEBUG_INFO = NO;
				MTL_FAST_MATH = YES;
				SDKROOT = iphoneos;
				SWIFT_COMPILATION_MODE = wholemodule;
				VALIDATE_PRODUCT = YES;
			};
			name = Release;
		};
		81AE3B972B8900FE00CCF16B /* Debug */ = {
			isa = XCBuildConfiguration;
			buildSettings = {
				ASSETCATALOG_COMPILER_APPICON_NAME = AppIcon;
				ASSETCATALOG_COMPILER_GLOBAL_ACCENT_COLOR_NAME = AccentColor;
				CODE_SIGN_STYLE = Automatic;
				CURRENT_PROJECT_VERSION = 1;
				DEVELOPMENT_TEAM = 4CJW76Y9FL;
				GENERATE_INFOPLIST_FILE = YES;
				INFOPLIST_FILE = "Design Patterns/Supporting Files/Info.plist";
				INFOPLIST_KEY_UIApplicationSupportsIndirectInputEvents = YES;
				INFOPLIST_KEY_UILaunchStoryboardName = LaunchScreen;
				INFOPLIST_KEY_UIMainStoryboardFile = Main;
				INFOPLIST_KEY_UISupportedInterfaceOrientations_iPad = "UIInterfaceOrientationPortrait UIInterfaceOrientationPortraitUpsideDown UIInterfaceOrientationLandscapeLeft UIInterfaceOrientationLandscapeRight";
				INFOPLIST_KEY_UISupportedInterfaceOrientations_iPhone = "UIInterfaceOrientationPortrait UIInterfaceOrientationLandscapeLeft UIInterfaceOrientationLandscapeRight";
				LD_RUNPATH_SEARCH_PATHS = (
					"$(inherited)",
					"@executable_path/Frameworks",
				);
				MARKETING_VERSION = 1.0;
				PRODUCT_BUNDLE_IDENTIFIER = "Sahil.Amrut.Agashe.com.Design-Patterns";
				PRODUCT_NAME = "$(TARGET_NAME)";
				SWIFT_EMIT_LOC_STRINGS = YES;
				SWIFT_VERSION = 5.0;
				TARGETED_DEVICE_FAMILY = "1,2";
			};
			name = Debug;
		};
		81AE3B982B8900FE00CCF16B /* Release */ = {
			isa = XCBuildConfiguration;
			buildSettings = {
				ASSETCATALOG_COMPILER_APPICON_NAME = AppIcon;
				ASSETCATALOG_COMPILER_GLOBAL_ACCENT_COLOR_NAME = AccentColor;
				CODE_SIGN_STYLE = Automatic;
				CURRENT_PROJECT_VERSION = 1;
				DEVELOPMENT_TEAM = 4CJW76Y9FL;
				GENERATE_INFOPLIST_FILE = YES;
				INFOPLIST_FILE = "Design Patterns/Supporting Files/Info.plist";
				INFOPLIST_KEY_UIApplicationSupportsIndirectInputEvents = YES;
				INFOPLIST_KEY_UILaunchStoryboardName = LaunchScreen;
				INFOPLIST_KEY_UIMainStoryboardFile = Main;
				INFOPLIST_KEY_UISupportedInterfaceOrientations_iPad = "UIInterfaceOrientationPortrait UIInterfaceOrientationPortraitUpsideDown UIInterfaceOrientationLandscapeLeft UIInterfaceOrientationLandscapeRight";
				INFOPLIST_KEY_UISupportedInterfaceOrientations_iPhone = "UIInterfaceOrientationPortrait UIInterfaceOrientationLandscapeLeft UIInterfaceOrientationLandscapeRight";
				LD_RUNPATH_SEARCH_PATHS = (
					"$(inherited)",
					"@executable_path/Frameworks",
				);
				MARKETING_VERSION = 1.0;
				PRODUCT_BUNDLE_IDENTIFIER = "Sahil.Amrut.Agashe.com.Design-Patterns";
				PRODUCT_NAME = "$(TARGET_NAME)";
				SWIFT_EMIT_LOC_STRINGS = YES;
				SWIFT_VERSION = 5.0;
				TARGETED_DEVICE_FAMILY = "1,2";
			};
			name = Release;
		};
/* End XCBuildConfiguration section */

/* Begin XCConfigurationList section */
		81AE3B7D2B8900FD00CCF16B /* Build configuration list for PBXProject "Design Patterns" */ = {
			isa = XCConfigurationList;
			buildConfigurations = (
				81AE3B942B8900FE00CCF16B /* Debug */,
				81AE3B952B8900FE00CCF16B /* Release */,
			);
			defaultConfigurationIsVisible = 0;
			defaultConfigurationName = Release;
		};
		81AE3B962B8900FE00CCF16B /* Build configuration list for PBXNativeTarget "Design Patterns" */ = {
			isa = XCConfigurationList;
			buildConfigurations = (
				81AE3B972B8900FE00CCF16B /* Debug */,
				81AE3B982B8900FE00CCF16B /* Release */,
			);
			defaultConfigurationIsVisible = 0;
			defaultConfigurationName = Release;
		};
/* End XCConfigurationList section */
	};
	rootObject = 81AE3B7A2B8900FD00CCF16B /* Project object */;
}
